
Microsoft Visual Studio Solution File, Format Version 12.00
# Visual Studio Version 17
VisualStudioVersion = 17.14.36327.8 d17.14
MinimumVisualStudioVersion = 10.0.40219.1
Project("{FAE04EC0-301F-11D3-BF4B-00C04F79EFBC}") = "StudentPortfolioSystem", "StudentPortfolioSystem\StudentPortfolioSystem.csproj", "{60AD1CFD-C4DA-448A-8851-074D03E5A859}"
EndProject
Global
	GlobalSection(SolutionConfigurationPlatforms) = preSolution
		Debug|Any CPU = Debug|Any CPU
		Release|Any CPU = Release|Any CPU
	EndGlobalSection
	GlobalSection(ProjectConfigurationPlatforms) = postSolution
		{60AD1CFD-C4DA-448A-8851-074D03E5A859}.Debug|Any CPU.ActiveCfg = Debug|Any CPU
		{60AD1CFD-C4DA-448A-8851-074D03E5A859}.Debug|Any CPU.Build.0 = Debug|Any CPU
		{60AD1CFD-C4DA-448A-8851-074D03E5A859}.Release|Any CPU.ActiveCfg = Release|Any CPU
		{60AD1CFD-C4DA-448A-8851-074D03E5A859}.Release|Any CPU.Build.0 = Release|Any CPU
	EndGlobalSection
	GlobalSection(SolutionProperties) = preSolution
		HideSolutionNode = FALSE
	EndGlobalSection
	GlobalSection(ExtensibilityGlobals) = postSolution
		SolutionGuid = {87FE32F8-03D9-4695-BECB-7C557DBC8D39}
	EndGlobalSection
EndGlobal
